<?xml version="1.0" encoding="utf-8"?>
<Project ToolsVersion="4.0" xmlns="http://schemas.microsoft.com/developer/msbuild/2003">
  <ItemGroup>
    <ClCompile Include="chardata.c">
      <Filter>Source Files</Filter>
    </ClCompile>
    <ClCompile Include="minicheck.c">
      <Filter>Source Files</Filter>
    </ClCompile>
    <ClCompile Include="runtests.c">
      <Filter>Source Files</Filter>
    </ClCompile>
    <ClCompile Include="elementdata.c">
      <Filter>Source Files</Filter>
    </ClCompile>
  </ItemGroup>
  <ItemGroup>
    <ClInclude Include="chardata.h">
      <Filter>Header Files</Filter>
    </ClInclude>
    <ClInclude Include="minicheck.h">
      <Filter>Header Files</Filter>
    </ClInclude>
    <ClInclude Include="elementdata.h">
      <Filter>Header Files</Filter>
    </ClInclude>
    <ClInclude Include="xmlchar.h">
      <Filter>Header Files</Filter>
    </ClInclude>
  </ItemGroup>
  <ItemGroup>
    <Filter Include="Header Files">
      <UniqueIdentifier>{cc1d3f88-7db7-4fc4-8217-9f717b1f16ae}</UniqueIdentifier>
    </Filter>
    <Filter Include="Source Files">
      <UniqueIdentifier>{10e835fd-39fc-4ccb-8e88-7a8b65adee72}</UniqueIdentifier>
    </Filter>
  </ItemGroup>
</Project>